
Microsoft Visual Studio Solution File, Format Version 12.00
# Visual Studio 15
VisualStudioVersion = 15.0.27703.2047
MinimumVisualStudioVersion = 10.0.40219.1
Project("{FAE04EC0-301F-11D3-BF4B-00C04F79EFBC}") = "InventoryManager", "InventoryManager\InventoryManager.csproj", "{FACA025E-CDF5-40F4-B89B-B83745250618}"
EndProject
Global
	GlobalSection(SolutionConfigurationPlatforms) = preSolution
		Debug|Any CPU = Debug|Any CPU
		Release|Any CPU = Release|Any CPU
	EndGlobalSection
	GlobalSection(ProjectConfigurationPlatforms) = postSolution
		{FACA025E-CDF5-40F4-B89B-B83745250618}.Debug|Any CPU.ActiveCfg = Debug|Any CPU
		{FACA025E-CDF5-40F4-B89B-B83745250618}.Debug|Any CPU.Build.0 = Debug|Any CPU
		{FACA025E-CDF5-40F4-B89B-B83745250618}.Release|Any CPU.ActiveCfg = Release|Any CPU
		{FACA025E-CDF5-40F4-B89B-B83745250618}.Release|Any CPU.Build.0 = Release|Any CPU
	EndGlobalSection
	GlobalSection(SolutionProperties) = preSolution
		HideSolutionNode = FALSE
	EndGlobalSection
	GlobalSection(ExtensibilityGlobals) = postSolution
		SolutionGuid = {F9DC08CC-FFC1-47EF-9BC3-2BE48F722D66}
	EndGlobalSection
EndGlobal
